
Microsoft Visual Studio Solution File, Format Version 12.00
# Visual Studio Version 16
VisualStudioVersion = 16.0.29926.136
MinimumVisualStudioVersion = 10.0.40219.1
Project("{9A19103F-16F7-4668-BE54-9A1E7A4F7556}") = "diplomWeb_v1", "diplomWeb_v1\diplomWeb_v1.csproj", "{05C2621C-0EF5-4A19-93B5-1444896564C8}"
EndProject
Project("{2150E333-8FDC-42A3-9474-1A3956D46DE8}") = "PL", "PL", "{EF61564B-D5B7-486A-B786-433F8AE1AD61}"
EndProject
Project("{2150E333-8FDC-42A3-9474-1A3956D46DE8}") = "BLL", "BLL", "{73CD66C6-C1C0-41FD-B058-4544291D7A30}"
EndProject
Project("{2150E333-8FDC-42A3-9474-1A3956D46DE8}") = "DAL", "DAL", "{2FE0C228-B146-4082-9BE1-6C5FE328E2C1}"
EndProject
Project("{9A19103F-16F7-4668-BE54-9A1E7A4F7556}") = "WebApp.AHP.BLL", "WebApp.AHP.BLL\WebApp.AHP.BLL.csproj", "{B4ED378B-E649-4E23-943D-CB4C2EF273D9}"
EndProject
Project("{2150E333-8FDC-42A3-9474-1A3956D46DE8}") = "Common", "Common", "{D2CB006C-BC75-4A7A-96A7-BE68B98FCCA0}"
EndProject
Project("{9A19103F-16F7-4668-BE54-9A1E7A4F7556}") = "WebApp.AHP.BLL.Interfaces", "WebApp.AHP.BLL.Interfaces\WebApp.AHP.BLL.Interfaces.csproj", "{AA0C601C-D41F-499E-B0D6-31B528DB4BF4}"
EndProject
Project("{9A19103F-16F7-4668-BE54-9A1E7A4F7556}") = "WebApp.AHP.Entities", "WebApp.AHP.Entities\WebApp.AHP.Entities.csproj", "{DEE5E2E1-7491-4882-936C-1B86899A476B}"
EndProject
Project("{9A19103F-16F7-4668-BE54-9A1E7A4F7556}") = "WebApp.AHP.Common", "WebApp.AHP.Common\WebApp.AHP.Common.csproj", "{526739C9-C323-4DE0-96F0-5A70351B5AB8}"
EndProject
Project("{9A19103F-16F7-4668-BE54-9A1E7A4F7556}") = "WebApp.AHP.DAL", "WebApp.AHP.DAL\WebApp.AHP.DAL.csproj", "{4AA1F798-5E70-44E9-923A-814BE14FA41E}"
EndProject
Project("{9A19103F-16F7-4668-BE54-9A1E7A4F7556}") = "WebApp.AHP.DAL.Interfaces", "WebApp.AHP.DAL.Interfaces\WebApp.AHP.DAL.Interfaces.csproj", "{80A887C6-2DBF-42FB-8827-095216A1D37D}"
EndProject
Global
	GlobalSection(SolutionConfigurationPlatforms) = preSolution
		Debug|Any CPU = Debug|Any CPU
		Release|Any CPU = Release|Any CPU
	EndGlobalSection
	GlobalSection(ProjectConfigurationPlatforms) = postSolution
		{05C2621C-0EF5-4A19-93B5-1444896564C8}.Debug|Any CPU.ActiveCfg = Debug|Any CPU
		{05C2621C-0EF5-4A19-93B5-1444896564C8}.Debug|Any CPU.Build.0 = Debug|Any CPU
		{05C2621C-0EF5-4A19-93B5-1444896564C8}.Release|Any CPU.ActiveCfg = Release|Any CPU
		{05C2621C-0EF5-4A19-93B5-1444896564C8}.Release|Any CPU.Build.0 = Release|Any CPU
		{B4ED378B-E649-4E23-943D-CB4C2EF273D9}.Debug|Any CPU.ActiveCfg = Debug|Any CPU
		{B4ED378B-E649-4E23-943D-CB4C2EF273D9}.Debug|Any CPU.Build.0 = Debug|Any CPU
		{B4ED378B-E649-4E23-943D-CB4C2EF273D9}.Release|Any CPU.ActiveCfg = Release|Any CPU
		{B4ED378B-E649-4E23-943D-CB4C2EF273D9}.Release|Any CPU.Build.0 = Release|Any CPU
		{AA0C601C-D41F-499E-B0D6-31B528DB4BF4}.Debug|Any CPU.ActiveCfg = Debug|Any CPU
		{AA0C601C-D41F-499E-B0D6-31B528DB4BF4}.Debug|Any CPU.Build.0 = Debug|Any CPU
		{AA0C601C-D41F-499E-B0D6-31B528DB4BF4}.Release|Any CPU.ActiveCfg = Release|Any CPU
		{AA0C601C-D41F-499E-B0D6-31B528DB4BF4}.Release|Any CPU.Build.0 = Release|Any CPU
		{DEE5E2E1-7491-4882-936C-1B86899A476B}.Debug|Any CPU.ActiveCfg = Debug|Any CPU
		{DEE5E2E1-7491-4882-936C-1B86899A476B}.Debug|Any CPU.Build.0 = Debug|Any CPU
		{DEE5E2E1-7491-4882-936C-1B86899A476B}.Release|Any CPU.ActiveCfg = Release|Any CPU
		{DEE5E2E1-7491-4882-936C-1B86899A476B}.Release|Any CPU.Build.0 = Release|Any CPU
		{526739C9-C323-4DE0-96F0-5A70351B5AB8}.Debug|Any CPU.ActiveCfg = Debug|Any CPU
		{526739C9-C323-4DE0-96F0-5A70351B5AB8}.Debug|Any CPU.Build.0 = Debug|Any CPU
		{526739C9-C323-4DE0-96F0-5A70351B5AB8}.Release|Any CPU.ActiveCfg = Release|Any CPU
		{526739C9-C323-4DE0-96F0-5A70351B5AB8}.Release|Any CPU.Build.0 = Release|Any CPU
		{4AA1F798-5E70-44E9-923A-814BE14FA41E}.Debug|Any CPU.ActiveCfg = Debug|Any CPU
		{4AA1F798-5E70-44E9-923A-814BE14FA41E}.Debug|Any CPU.Build.0 = Debug|Any CPU
		{4AA1F798-5E70-44E9-923A-814BE14FA41E}.Release|Any CPU.ActiveCfg = Release|Any CPU
		{4AA1F798-5E70-44E9-923A-814BE14FA41E}.Release|Any CPU.Build.0 = Release|Any CPU
		{80A887C6-2DBF-42FB-8827-095216A1D37D}.Debug|Any CPU.ActiveCfg = Debug|Any CPU
		{80A887C6-2DBF-42FB-8827-095216A1D37D}.Debug|Any CPU.Build.0 = Debug|Any CPU
		{80A887C6-2DBF-42FB-8827-095216A1D37D}.Release|Any CPU.ActiveCfg = Release|Any CPU
		{80A887C6-2DBF-42FB-8827-095216A1D37D}.Release|Any CPU.Build.0 = Release|Any CPU
	EndGlobalSection
	GlobalSection(SolutionProperties) = preSolution
		HideSolutionNode = FALSE
	EndGlobalSection
	GlobalSection(NestedProjects) = preSolution
		{05C2621C-0EF5-4A19-93B5-1444896564C8} = {EF61564B-D5B7-486A-B786-433F8AE1AD61}
		{B4ED378B-E649-4E23-943D-CB4C2EF273D9} = {73CD66C6-C1C0-41FD-B058-4544291D7A30}
		{AA0C601C-D41F-499E-B0D6-31B528DB4BF4} = {73CD66C6-C1C0-41FD-B058-4544291D7A30}
		{DEE5E2E1-7491-4882-936C-1B86899A476B} = {D2CB006C-BC75-4A7A-96A7-BE68B98FCCA0}
		{526739C9-C323-4DE0-96F0-5A70351B5AB8} = {D2CB006C-BC75-4A7A-96A7-BE68B98FCCA0}
		{4AA1F798-5E70-44E9-923A-814BE14FA41E} = {2FE0C228-B146-4082-9BE1-6C5FE328E2C1}
		{80A887C6-2DBF-42FB-8827-095216A1D37D} = {2FE0C228-B146-4082-9BE1-6C5FE328E2C1}
	EndGlobalSection
	GlobalSection(ExtensibilityGlobals) = postSolution
		SolutionGuid = {933AFCF9-B9A1-4D6C-AA64-903466D9D145}
	EndGlobalSection
EndGlobal
